
Microsoft Visual Studio Solution File, Format Version 12.00
# Visual Studio Version 16
VisualStudioVersion = 16.0.29519.87
MinimumVisualStudioVersion = 10.0.40219.1
Project("{FAE04EC0-301F-11D3-BF4B-00C04F79EFBC}") = "WebApi", "WebApi\WebApi.csproj", "{2928F703-8321-4C08-BF2C-1800DFA7F6BD}"
EndProject
Global
	GlobalSection(SolutionConfigurationPlatforms) = preSolution
		Debug|Any CPU = Debug|Any CPU
		Release|Any CPU = Release|Any CPU
	EndGlobalSection
	GlobalSection(ProjectConfigurationPlatforms) = postSolution
		{2928F703-8321-4C08-BF2C-1800DFA7F6BD}.Debug|Any CPU.ActiveCfg = Debug|Any CPU
		{2928F703-8321-4C08-BF2C-1800DFA7F6BD}.Debug|Any CPU.Build.0 = Debug|Any CPU
		{2928F703-8321-4C08-BF2C-1800DFA7F6BD}.Release|Any CPU.ActiveCfg = Release|Any CPU
		{2928F703-8321-4C08-BF2C-1800DFA7F6BD}.Release|Any CPU.Build.0 = Release|Any CPU
	EndGlobalSection
	GlobalSection(SolutionProperties) = preSolution
		HideSolutionNode = FALSE
	EndGlobalSection
	GlobalSection(ExtensibilityGlobals) = postSolution
		SolutionGuid = {EB34C8E9-8863-405C-848E-210364EB9FC1}
	EndGlobalSection
EndGlobal
